github.com/hanwen/go-fuse v1.0.0 h1:GxS9Zrn6c35/BnfiVsZVWmsG803xwE7eVRDvcf/BEVc=
github.com/hanwen/go-fuse v1.0.0/go.mod h1:unqXarDXqzAk0rt98O2tVndEPIpUgLD9+rwFisZH3Ok=
github.com/hanwen/go-fuse/v2 v2.0.3 h1:kpV28BKeSyVgZREItBLnaVBvOEwv2PuhNdKetwnvNHo=
github.com/hanwen/go-fuse/v2 v2.0.3/go.mod h1:0EQM6aH2ctVpvZ6a+onrQ/vaykxh2GH7hy3e13vzTUY=
github.com/jacobsa/fuse v0.0.0-20201028075123-36e01f1b3aaa h1:HPES5ErrgM2/YH2uS0NypGVve9ZslUhUbVeH81N+C64=
github.com/jacobsa/fuse v0.0.0-20201028075123-36e01f1b3aaa/go.mod h1:9Aml1MG17JVeXrN4D2mtJvYHtHklJH5bESjCKNzVjFU=
github.com/kylelemons/godebug v0.0.0-20170820004349-d65d576e9348 h1:MtvEpTB6LX3vkb4ax0b5D2DHbNAUsen0Gx5wZoq3lV4=
github.com/kylelemons/godebug v0.0.0-20170820004349-d65d576e9348/go.mod h1:B69LEHPfb2qLo0BaaOLcbitczOKLWTsrBG9LczfCD4k=
golang.org/x/sys v0.0.0-20180830151530-49385e6e1522 h1:Ve1ORMCxvRmSXBwJK+t3Oy+V2vRW2OetUQBq4rJIkZE=
golang.org/x/sys v0.0.0-20180830151530-49385e6e1522/go.mod h1:STP8DvDyc/dI5b8T5hshtkjS+E42TnysNCUPdjciGhY=
